// !$*UTF8*$!
{
	archiveVersion = 1;
	classes = {
	};
	objectVersion = 46;
	objects = {

/* Begin PBXBuildFile section */
		E50D2CDD1C7CA4B600306745 /* 37723 in Resources */ = {isa = PBXBuildFile; fileRef = E50D2CDC1C7CA4B600306745 /* 37723 */; };
		E51183AC1C85A18F00ECEF74 /* ObjectMapper.framework in Frameworks */ = {isa = PBXBuildFile; fileRef = E51183AB1C85A18F00ECEF74 /* ObjectMapper.framework */; };
		E51183AD1C85A18F00ECEF74 /* ObjectMapper.framework in Embed Frameworks */ = {isa = PBXBuildFile; fileRef = E51183AB1C85A18F00ECEF74 /* ObjectMapper.framework */; settings = {ATTRIBUTES = (CodeSignOnCopy, RemoveHeadersOnCopy, ); }; };
		E51183B11C85A3B200ECEF74 /* BookManager.swift in Sources */ = {isa = PBXBuildFile; fileRef = E51183B01C85A3B200ECEF74 /* BookManager.swift */; };
		E53B41061C80816900AB08C7 /* ObserverManager.swift in Sources */ = {isa = PBXBuildFile; fileRef = E53B41051C80816900AB08C7 /* ObserverManager.swift */; };
		E55947171C77357900810318 /* HelperFunctions.swift in Sources */ = {isa = PBXBuildFile; fileRef = E55947161C77357900810318 /* HelperFunctions.swift */; };
		E57B9A081C761562001B91FE /* AudioFunctions.swift in Sources */ = {isa = PBXBuildFile; fileRef = E57B9A071C761562001B91FE /* AudioFunctions.swift */; };
		E584685F1C68B78A00A9D8C9 /* Book.swift in Sources */ = {isa = PBXBuildFile; fileRef = E584685E1C68B78A00A9D8C9 /* Book.swift */; };
		E58468631C68B7B400A9D8C9 /* BookPart.swift in Sources */ = {isa = PBXBuildFile; fileRef = E58468621C68B7B400A9D8C9 /* BookPart.swift */; };
		E58468671C68C69500A9D8C9 /* Player.swift in Sources */ = {isa = PBXBuildFile; fileRef = E58468661C68C69500A9D8C9 /* Player.swift */; };
		E58C7D711C7DD38400636DCC /* nota_logo.jpg in Resources */ = {isa = PBXBuildFile; fileRef = E58C7D701C7DD38400636DCC /* nota_logo.jpg */; };
		E5DC24901C64D16B007105A7 /* AppDelegate.swift in Sources */ = {isa = PBXBuildFile; fileRef = E5DC248F1C64D16B007105A7 /* AppDelegate.swift */; };
		E5DC24921C64D16B007105A7 /* PlayerViewController.swift in Sources */ = {isa = PBXBuildFile; fileRef = E5DC24911C64D16B007105A7 /* PlayerViewController.swift */; };
		E5DC24941C64D16B007105A7 /* LibraryViewController.swift in Sources */ = {isa = PBXBuildFile; fileRef = E5DC24931C64D16B007105A7 /* LibraryViewController.swift */; };
		E5DC24971C64D16B007105A7 /* Main.storyboard in Resources */ = {isa = PBXBuildFile; fileRef = E5DC24951C64D16B007105A7 /* Main.storyboard */; };
		E5DC24991C64D16B007105A7 /* Assets.xcassets in Resources */ = {isa = PBXBuildFile; fileRef = E5DC24981C64D16B007105A7 /* Assets.xcassets */; };
		E5DC249C1C64D16B007105A7 /* LaunchScreen.storyboard in Resources */ = {isa = PBXBuildFile; fileRef = E5DC249A1C64D16B007105A7 /* LaunchScreen.storyboard */; };
		E5DC24A71C64D16B007105A7 /* LytPlayerTests.swift in Sources */ = {isa = PBXBuildFile; fileRef = E5DC24A61C64D16B007105A7 /* LytPlayerTests.swift */; };
		E5DC24B21C64D16B007105A7 /* LytPlayerUITests.swift in Sources */ = {isa = PBXBuildFile; fileRef = E5DC24B11C64D16B007105A7 /* LytPlayerUITests.swift */; };
		E5FBACDD1C7DBB5D00AA54DC /* BookshelfViewController.swift in Sources */ = {isa = PBXBuildFile; fileRef = E5FBACDC1C7DBB5D00AA54DC /* BookshelfViewController.swift */; };
/* End PBXBuildFile section */

/* Begin PBXContainerItemProxy section */
		E5DC24A31C64D16B007105A7 /* PBXContainerItemProxy */ = {
			isa = PBXContainerItemProxy;
			containerPortal = E5DC24841C64D16B007105A7 /* Project object */;
			proxyType = 1;
			remoteGlobalIDString = E5DC248B1C64D16B007105A7;
			remoteInfo = LytPlayer;
		};
		E5DC24AE1C64D16B007105A7 /* PBXContainerItemProxy */ = {
			isa = PBXContainerItemProxy;
			containerPortal = E5DC24841C64D16B007105A7 /* Project object */;
			proxyType = 1;
			remoteGlobalIDString = E5DC248B1C64D16B007105A7;
			remoteInfo = LytPlayer;
		};
/* End PBXContainerItemProxy section */

/* Begin PBXCopyFilesBuildPhase section */
		E51183AE1C85A18F00ECEF74 /* Embed Frameworks */ = {
			isa = PBXCopyFilesBuildPhase;
			buildActionMask = 2147483647;
			dstPath = "";
			dstSubfolderSpec = 10;
			files = (
				E51183AD1C85A18F00ECEF74 /* ObjectMapper.framework in Embed Frameworks */,
			);
			name = "Embed Frameworks";
			runOnlyForDeploymentPostprocessing = 0;
		};
/* End PBXCopyFilesBuildPhase section */

/* Begin PBXFileReference section */
		E50D2CDC1C7CA4B600306745 /* 37723 */ = {isa = PBXFileReference; lastKnownFileType = folder; path = 37723; sourceTree = "<group>"; };
		E51183AB1C85A18F00ECEF74 /* ObjectMapper.framework */ = {isa = PBXFileReference; lastKnownFileType = wrapper.framework; name = ObjectMapper.framework; path = Carthage/Build/iOS/ObjectMapper.framework; sourceTree = "<group>"; };
		E51183B01C85A3B200ECEF74 /* BookManager.swift */ = {isa = PBXFileReference; fileEncoding = 4; lastKnownFileType = sourcecode.swift; path = BookManager.swift; sourceTree = "<group>"; };
		E53B41051C80816900AB08C7 /* ObserverManager.swift */ = {isa = PBXFileReference; fileEncoding = 4; lastKnownFileType = sourcecode.swift; path = ObserverManager.swift; sourceTree = "<group>"; };
		E55947161C77357900810318 /* HelperFunctions.swift */ = {isa = PBXFileReference; fileEncoding = 4; lastKnownFileType = sourcecode.swift; path = HelperFunctions.swift; sourceTree = "<group>"; };
		E57B9A071C761562001B91FE /* AudioFunctions.swift */ = {isa = PBXFileReference; fileEncoding = 4; lastKnownFileType = sourcecode.swift; path = AudioFunctions.swift; sourceTree = "<group>"; };
		E584685E1C68B78A00A9D8C9 /* Book.swift */ = {isa = PBXFileReference; fileEncoding = 4; lastKnownFileType = sourcecode.swift; path = Book.swift; sourceTree = "<group>"; };
		E58468621C68B7B400A9D8C9 /* BookPart.swift */ = {isa = PBXFileReference; fileEncoding = 4; lastKnownFileType = sourcecode.swift; path = BookPart.swift; sourceTree = "<group>"; };
		E58468661C68C69500A9D8C9 /* Player.swift */ = {isa = PBXFileReference; fileEncoding = 4; lastKnownFileType = sourcecode.swift; path = Player.swift; sourceTree = "<group>"; };
		E58C7D701C7DD38400636DCC /* nota_logo.jpg */ = {isa = PBXFileReference; lastKnownFileType = image.jpeg; path = nota_logo.jpg; sourceTree = "<group>"; };
		E5DC248C1C64D16B007105A7 /* LytPlayer.app */ = {isa = PBXFileReference; explicitFileType = wrapper.application; includeInIndex = 0; path = LytPlayer.app; sourceTree = BUILT_PRODUCTS_DIR; };
		E5DC248F1C64D16B007105A7 /* AppDelegate.swift */ = {isa = PBXFileReference; lastKnownFileType = sourcecode.swift; path = AppDelegate.swift; sourceTree = "<group>"; };
		E5DC24911C64D16B007105A7 /* PlayerViewController.swift */ = {isa = PBXFileReference; lastKnownFileType = sourcecode.swift; path = PlayerViewController.swift; sourceTree = "<group>"; };
		E5DC24931C64D16B007105A7 /* LibraryViewController.swift */ = {isa = PBXFileReference; lastKnownFileType = sourcecode.swift; path = LibraryViewController.swift; sourceTree = "<group>"; };
		E5DC24961C64D16B007105A7 /* Base */ = {isa = PBXFileReference; lastKnownFileType = file.storyboard; name = Base; path = Base.lproj/Main.storyboard; sourceTree = "<group>"; };
		E5DC24981C64D16B007105A7 /* Assets.xcassets */ = {isa = PBXFileReference; lastKnownFileType = folder.assetcatalog; path = Assets.xcassets; sourceTree = "<group>"; };
		E5DC249B1C64D16B007105A7 /* Base */ = {isa = PBXFileReference; lastKnownFileType = file.storyboard; name = Base; path = Base.lproj/LaunchScreen.storyboard; sourceTree = "<group>"; };
		E5DC249D1C64D16B007105A7 /* Info.plist */ = {isa = PBXFileReference; lastKnownFileType = text.plist.xml; path = Info.plist; sourceTree = "<group>"; };
		E5DC24A21C64D16B007105A7 /* LytPlayerTests.xctest */ = {isa = PBXFileReference; explicitFileType = wrapper.cfbundle; includeInIndex = 0; path = LytPlayerTests.xctest; sourceTree = BUILT_PRODUCTS_DIR; };
		E5DC24A61C64D16B007105A7 /* LytPlayerTests.swift */ = {isa = PBXFileReference; lastKnownFileType = sourcecode.swift; path = LytPlayerTests.swift; sourceTree = "<group>"; };
		E5DC24A81C64D16B007105A7 /* Info.plist */ = {isa = PBXFileReference; lastKnownFileType = text.plist.xml; path = Info.plist; sourceTree = "<group>"; };
		E5DC24AD1C64D16B007105A7 /* LytPlayerUITests.xctest */ = {isa = PBXFileReference; explicitFileType = wrapper.cfbundle; includeInIndex = 0; path = LytPlayerUITests.xctest; sourceTree = BUILT_PRODUCTS_DIR; };
		E5DC24B11C64D16B007105A7 /* LytPlayerUITests.swift */ = {isa = PBXFileReference; lastKnownFileType = sourcecode.swift; path = LytPlayerUITests.swift; sourceTree = "<group>"; };
		E5DC24B31C64D16B007105A7 /* Info.plist */ = {isa = PBXFileReference; lastKnownFileType = text.plist.xml; path = Info.plist; sourceTree = "<group>"; };
		E5FBACDC1C7DBB5D00AA54DC /* BookshelfViewController.swift */ = {isa = PBXFileReference; fileEncoding = 4; lastKnownFileType = sourcecode.swift; path = BookshelfViewController.swift; sourceTree = "<group>"; };
/* End PBXFileReference section */

/* Begin PBXFrameworksBuildPhase section */
		E5DC24891C64D16B007105A7 /* Frameworks */ = {
			isa = PBXFrameworksBuildPhase;
			buildActionMask = 2147483647;
			files = (
				E51183AC1C85A18F00ECEF74 /* ObjectMapper.framework in Frameworks */,
			);
			runOnlyForDeploymentPostprocessing = 0;
		};
		E5DC249F1C64D16B007105A7 /* Frameworks */ = {
			isa = PBXFrameworksBuildPhase;
			buildActionMask = 2147483647;
			files = (
			);
			runOnlyForDeploymentPostprocessing = 0;
		};
		E5DC24AA1C64D16B007105A7 /* Frameworks */ = {
			isa = PBXFrameworksBuildPhase;
			buildActionMask = 2147483647;
			files = (
			);
			runOnlyForDeploymentPostprocessing = 0;
		};
/* End PBXFrameworksBuildPhase section */

/* Begin PBXGroup section */
		E5DC24831C64D16B007105A7 = {
			isa = PBXGroup;
			children = (
				E51183AB1C85A18F00ECEF74 /* ObjectMapper.framework */,
				E5DC248E1C64D16B007105A7 /* LytPlayer */,
				E5DC24A51C64D16B007105A7 /* LytPlayerTests */,
				E5DC24B01C64D16B007105A7 /* LytPlayerUITests */,
				E5DC248D1C64D16B007105A7 /* Products */,
			);
			sourceTree = "<group>";
		};
		E5DC248D1C64D16B007105A7 /* Products */ = {
			isa = PBXGroup;
			children = (
				E5DC248C1C64D16B007105A7 /* LytPlayer.app */,
				E5DC24A21C64D16B007105A7 /* LytPlayerTests.xctest */,
				E5DC24AD1C64D16B007105A7 /* LytPlayerUITests.xctest */,
			);
			name = Products;
			sourceTree = "<group>";
		};
		E5DC248E1C64D16B007105A7 /* LytPlayer */ = {
			isa = PBXGroup;
			children = (
				E53B41051C80816900AB08C7 /* ObserverManager.swift */,
				E58C7D701C7DD38400636DCC /* nota_logo.jpg */,
				E5DC24C11C64EFA9007105A7 /* TestAudio */,
				E5DC24911C64D16B007105A7 /* PlayerViewController.swift */,
				E58468661C68C69500A9D8C9 /* Player.swift */,
				E51183B01C85A3B200ECEF74 /* BookManager.swift */,
				E57B9A071C761562001B91FE /* AudioFunctions.swift */,
				E5DC248F1C64D16B007105A7 /* AppDelegate.swift */,
				E5DC24931C64D16B007105A7 /* LibraryViewController.swift */,
				E5FBACDC1C7DBB5D00AA54DC /* BookshelfViewController.swift */,
				E55947161C77357900810318 /* HelperFunctions.swift */,
				E584685E1C68B78A00A9D8C9 /* Book.swift */,
				E5DC24951C64D16B007105A7 /* Main.storyboard */,
				E5DC24981C64D16B007105A7 /* Assets.xcassets */,
				E5DC249A1C64D16B007105A7 /* LaunchScreen.storyboard */,
				E58468621C68B7B400A9D8C9 /* BookPart.swift */,
				E5DC249D1C64D16B007105A7 /* Info.plist */,
			);
			path = LytPlayer;
			sourceTree = "<group>";
		};
		E5DC24A51C64D16B007105A7 /* LytPlayerTests */ = {
			isa = PBXGroup;
			children = (
				E5DC24A61C64D16B007105A7 /* LytPlayerTests.swift */,
				E5DC24A81C64D16B007105A7 /* Info.plist */,
			);
			path = LytPlayerTests;
			sourceTree = "<group>";
		};
		E5DC24B01C64D16B007105A7 /* LytPlayerUITests */ = {
			isa = PBXGroup;
			children = (
				E5DC24B11C64D16B007105A7 /* LytPlayerUITests.swift */,
				E5DC24B31C64D16B007105A7 /* Info.plist */,
			);
			path = LytPlayerUITests;
			sourceTree = "<group>";
		};
		E5DC24C11C64EFA9007105A7 /* TestAudio */ = {
			isa = PBXGroup;
			children = (
				E50D2CDC1C7CA4B600306745 /* 37723 */,
			);
			name = TestAudio;
			sourceTree = "<group>";
		};
/* End PBXGroup section */

/* Begin PBXNativeTarget section */
		E5DC248B1C64D16B007105A7 /* LytPlayer */ = {
			isa = PBXNativeTarget;
			buildConfigurationList = E5DC24B61C64D16B007105A7 /* Build configuration list for PBXNativeTarget "LytPlayer" */;
			buildPhases = (
				E5DC24881C64D16B007105A7 /* Sources */,
				E5DC24891C64D16B007105A7 /* Frameworks */,
				E5DC248A1C64D16B007105A7 /* Resources */,
				E51183AE1C85A18F00ECEF74 /* Embed Frameworks */,
				E51183AF1C85A1AE00ECEF74 /* ShellScript */,
			);
			buildRules = (
			);
			dependencies = (
			);
			name = LytPlayer;
			productName = LytPlayer;
			productReference = E5DC248C1C64D16B007105A7 /* LytPlayer.app */;
			productType = "com.apple.product-type.application";
		};
		E5DC24A11C64D16B007105A7 /* LytPlayerTests */ = {
			isa = PBXNativeTarget;
			buildConfigurationList = E5DC24B91C64D16B007105A7 /* Build configuration list for PBXNativeTarget "LytPlayerTests" */;
			buildPhases = (
				E5DC249E1C64D16B007105A7 /* Sources */,
				E5DC249F1C64D16B007105A7 /* Frameworks */,
				E5DC24A01C64D16B007105A7 /* Resources */,
			);
			buildRules = (
			);
			dependencies = (
				E5DC24A41C64D16B007105A7 /* PBXTargetDependency */,
			);
			name = LytPlayerTests;
			productName = LytPlayerTests;
			productReference = E5DC24A21C64D16B007105A7 /* LytPlayerTests.xctest */;
			productType = "com.apple.product-type.bundle.unit-test";
		};
		E5DC24AC1C64D16B007105A7 /* LytPlayerUITests */ = {
			isa = PBXNativeTarget;
			buildConfigurationList = E5DC24BC1C64D16B007105A7 /* Build configuration list for PBXNativeTarget "LytPlayerUITests" */;
			buildPhases = (
				E5DC24A91C64D16B007105A7 /* Sources */,
				E5DC24AA1C64D16B007105A7 /* Frameworks */,
				E5DC24AB1C64D16B007105A7 /* Resources */,
			);
			buildRules = (
			);
			dependencies = (
				E5DC24AF1C64D16B007105A7 /* PBXTargetDependency */,
			);
			name = LytPlayerUITests;
			productName = LytPlayerUITests;
			productReference = E5DC24AD1C64D16B007105A7 /* LytPlayerUITests.xctest */;
			productType = "com.apple.product-type.bundle.ui-testing";
		};
/* End PBXNativeTarget section */

/* Begin PBXProject section */
		E5DC24841C64D16B007105A7 /* Project object */ = {
			isa = PBXProject;
			attributes = {
				LastSwiftUpdateCheck = 0720;
				LastUpgradeCheck = 0720;
				ORGANIZATIONNAME = nota.dk;
				TargetAttributes = {
					E5DC248B1C64D16B007105A7 = {
						CreatedOnToolsVersion = 7.2.1;
						SystemCapabilities = {
							com.apple.BackgroundModes = {
								enabled = 1;
							};
						};
					};
					E5DC24A11C64D16B007105A7 = {
						CreatedOnToolsVersion = 7.2.1;
						TestTargetID = E5DC248B1C64D16B007105A7;
					};
					E5DC24AC1C64D16B007105A7 = {
						CreatedOnToolsVersion = 7.2.1;
						TestTargetID = E5DC248B1C64D16B007105A7;
					};
				};
			};
			buildConfigurationList = E5DC24871C64D16B007105A7 /* Build configuration list for PBXProject "LytPlayer" */;
			compatibilityVersion = "Xcode 3.2";
			developmentRegion = English;
			hasScannedForEncodings = 0;
			knownRegions = (
				en,
				Base,
			);
			mainGroup = E5DC24831C64D16B007105A7;
			productRefGroup = E5DC248D1C64D16B007105A7 /* Products */;
			projectDirPath = "";
			projectRoot = "";
			targets = (
				E5DC248B1C64D16B007105A7 /* LytPlayer */,
				E5DC24A11C64D16B007105A7 /* LytPlayerTests */,
				E5DC24AC1C64D16B007105A7 /* LytPlayerUITests */,
			);
		};
/* End PBXProject section */

/* Begin PBXResourcesBuildPhase section */
		E5DC248A1C64D16B007105A7 /* Resources */ = {
			isa = PBXResourcesBuildPhase;
			buildActionMask = 2147483647;
			files = (
				E50D2CDD1C7CA4B600306745 /* 37723 in Resources */,
				E5DC249C1C64D16B007105A7 /* LaunchScreen.storyboard in Resources */,
				E58C7D711C7DD38400636DCC /* nota_logo.jpg in Resources */,
				E5DC24991C64D16B007105A7 /* Assets.xcassets in Resources */,
				E5DC24971C64D16B007105A7 /* Main.storyboard in Resources */,
			);
			runOnlyForDeploymentPostprocessing = 0;
		};
		E5DC24A01C64D16B007105A7 /* Resources */ = {
			isa = PBXResourcesBuildPhase;
			buildActionMask = 2147483647;
			files = (
			);
			runOnlyForDeploymentPostprocessing = 0;
		};
		E5DC24AB1C64D16B007105A7 /* Resources */ = {
			isa = PBXResourcesBuildPhase;
			buildActionMask = 2147483647;
			files = (
			);
			runOnlyForDeploymentPostprocessing = 0;
		};
/* End PBXResourcesBuildPhase section */

/* Begin PBXShellScriptBuildPhase section */
		E51183AF1C85A1AE00ECEF74 /* ShellScript */ = {
			isa = PBXShellScriptBuildPhase;
			buildActionMask = 2147483647;
			files = (
			);
			inputPaths = (
				"$(SRCROOT)/Carthage/Build/iOS/ObjectMapper.framework",
			);
			outputPaths = (
			);
			runOnlyForDeploymentPostprocessing = 0;
			shellPath = /bin/sh;
			shellScript = "/usr/local/bin/carthage copy-frameworks";
		};
/* End PBXShellScriptBuildPhase section */

/* Begin PBXSourcesBuildPhase section */
		E5DC24881C64D16B007105A7 /* Sources */ = {
			isa = PBXSourcesBuildPhase;
			buildActionMask = 2147483647;
			files = (
				E5DC24941C64D16B007105A7 /* LibraryViewController.swift in Sources */,
				E58468631C68B7B400A9D8C9 /* BookPart.swift in Sources */,
				E57B9A081C761562001B91FE /* AudioFunctions.swift in Sources */,
				E5DC24901C64D16B007105A7 /* AppDelegate.swift in Sources */,
				E58468671C68C69500A9D8C9 /* Player.swift in Sources */,
				E584685F1C68B78A00A9D8C9 /* Book.swift in Sources */,
				E51183B11C85A3B200ECEF74 /* BookManager.swift in Sources */,
				E53B41061C80816900AB08C7 /* ObserverManager.swift in Sources */,
				E5DC24921C64D16B007105A7 /* PlayerViewController.swift in Sources */,
				E5FBACDD1C7DBB5D00AA54DC /* BookshelfViewController.swift in Sources */,
				E55947171C77357900810318 /* HelperFunctions.swift in Sources */,
			);
			runOnlyForDeploymentPostprocessing = 0;
		};
		E5DC249E1C64D16B007105A7 /* Sources */ = {
			isa = PBXSourcesBuildPhase;
			buildActionMask = 2147483647;
			files = (
				E5DC24A71C64D16B007105A7 /* LytPlayerTests.swift in Sources */,
			);
			runOnlyForDeploymentPostprocessing = 0;
		};
		E5DC24A91C64D16B007105A7 /* Sources */ = {
			isa = PBXSourcesBuildPhase;
			buildActionMask = 2147483647;
			files = (
				E5DC24B21C64D16B007105A7 /* LytPlayerUITests.swift in Sources */,
			);
			runOnlyForDeploymentPostprocessing = 0;
		};
/* End PBXSourcesBuildPhase section */

/* Begin PBXTargetDependency section */
		E5DC24A41C64D16B007105A7 /* PBXTargetDependency */ = {
			isa = PBXTargetDependency;
			target = E5DC248B1C64D16B007105A7 /* LytPlayer */;
			targetProxy = E5DC24A31C64D16B007105A7 /* PBXContainerItemProxy */;
		};
		E5DC24AF1C64D16B007105A7 /* PBXTargetDependency */ = {
			isa = PBXTargetDependency;
			target = E5DC248B1C64D16B007105A7 /* LytPlayer */;
			targetProxy = E5DC24AE1C64D16B007105A7 /* PBXContainerItemProxy */;
		};
/* End PBXTargetDependency section */

/* Begin PBXVariantGroup section */
		E5DC24951C64D16B007105A7 /* Main.storyboard */ = {
			isa = PBXVariantGroup;
			children = (
				E5DC24961C64D16B007105A7 /* Base */,
			);
			name = Main.storyboard;
			sourceTree = "<group>";
		};
		E5DC249A1C64D16B007105A7 /* LaunchScreen.storyboard */ = {
			isa = PBXVariantGroup;
			children = (
				E5DC249B1C64D16B007105A7 /* Base */,
			);
			name = LaunchScreen.storyboard;
			sourceTree = "<group>";
		};
/* End PBXVariantGroup section */

/* Begin XCBuildConfiguration section */
		E5DC24B41C64D16B007105A7 /* Debug */ = {
			isa = XCBuildConfiguration;
			buildSettings = {
				ALWAYS_SEARCH_USER_PATHS = NO;
				CLANG_CXX_LANGUAGE_STANDARD = "gnu++0x";
				CLANG_CXX_LIBRARY = "libc++";
				CLANG_ENABLE_MODULES = YES;
				CLANG_ENABLE_OBJC_ARC = YES;
				CLANG_WARN_BOOL_CONVERSION = YES;
				CLANG_WARN_CONSTANT_CONVERSION = YES;
				CLANG_WARN_DIRECT_OBJC_ISA_USAGE = YES_ERROR;
				CLANG_WARN_EMPTY_BODY = YES;
				CLANG_WARN_ENUM_CONVERSION = YES;
				CLANG_WARN_INT_CONVERSION = YES;
				CLANG_WARN_OBJC_ROOT_CLASS = YES_ERROR;
				CLANG_WARN_UNREACHABLE_CODE = YES;
				CLANG_WARN__DUPLICATE_METHOD_MATCH = YES;
				"CODE_SIGN_IDENTITY[sdk=iphoneos*]" = "iPhone Developer";
				COPY_PHASE_STRIP = NO;
				DEBUG_INFORMATION_FORMAT = dwarf;
				ENABLE_STRICT_OBJC_MSGSEND = YES;
				ENABLE_TESTABILITY = YES;
				GCC_C_LANGUAGE_STANDARD = gnu99;
				GCC_DYNAMIC_NO_PIC = NO;
				GCC_NO_COMMON_BLOCKS = YES;
				GCC_OPTIMIZATION_LEVEL = 0;
				GCC_PREPROCESSOR_DEFINITIONS = (
					"DEBUG=1",
					"$(inherited)",
				);
				GCC_WARN_64_TO_32_BIT_CONVERSION = YES;
				GCC_WARN_ABOUT_RETURN_TYPE = YES_ERROR;
				GCC_WARN_UNDECLARED_SELECTOR = YES;
				GCC_WARN_UNINITIALIZED_AUTOS = YES_AGGRESSIVE;
				GCC_WARN_UNUSED_FUNCTION = YES;
				GCC_WARN_UNUSED_VARIABLE = YES;
				IPHONEOS_DEPLOYMENT_TARGET = 9.2;
				MTL_ENABLE_DEBUG_INFO = YES;
				ONLY_ACTIVE_ARCH = YES;
				SDKROOT = iphoneos;
				SWIFT_OPTIMIZATION_LEVEL = "-Onone";
				TARGETED_DEVICE_FAMILY = "1,2";
			};
			name = Debug;
		};
		E5DC24B51C64D16B007105A7 /* Release */ = {
			isa = XCBuildConfiguration;
			buildSettings = {
				ALWAYS_SEARCH_USER_PATHS = NO;
				CLANG_CXX_LANGUAGE_STANDARD = "gnu++0x";
				CLANG_CXX_LIBRARY = "libc++";
				CLANG_ENABLE_MODULES = YES;
				CLANG_ENABLE_OBJC_ARC = YES;
				CLANG_WARN_BOOL_CONVERSION = YES;
				CLANG_WARN_CONSTANT_CONVERSION = YES;
				CLANG_WARN_DIRECT_OBJC_ISA_USAGE = YES_ERROR;
				CLANG_WARN_EMPTY_BODY = YES;
				CLANG_WARN_ENUM_CONVERSION = YES;
				CLANG_WARN_INT_CONVERSION = YES;
				CLANG_WARN_OBJC_ROOT_CLASS = YES_ERROR;
				CLANG_WARN_UNREACHABLE_CODE = YES;
				CLANG_WARN__DUPLICATE_METHOD_MATCH = YES;
				"CODE_SIGN_IDENTITY[sdk=iphoneos*]" = "iPhone Developer";
				COPY_PHASE_STRIP = NO;
				DEBUG_INFORMATION_FORMAT = "dwarf-with-dsym";
				ENABLE_NS_ASSERTIONS = NO;
				ENABLE_STRICT_OBJC_MSGSEND = YES;
				GCC_C_LANGUAGE_STANDARD = gnu99;
				GCC_NO_COMMON_BLOCKS = YES;
				GCC_WARN_64_TO_32_BIT_CONVERSION = YES;
				GCC_WARN_ABOUT_RETURN_TYPE = YES_ERROR;
				GCC_WARN_UNDECLARED_SELECTOR = YES;
				GCC_WARN_UNINITIALIZED_AUTOS = YES_AGGRESSIVE;
				GCC_WARN_UNUSED_FUNCTION = YES;
				GCC_WARN_UNUSED_VARIABLE = YES;
				IPHONEOS_DEPLOYMENT_TARGET = 9.2;
				MTL_ENABLE_DEBUG_INFO = NO;
				SDKROOT = iphoneos;
				TARGETED_DEVICE_FAMILY = "1,2";
				VALIDATE_PRODUCT = YES;
			};
			name = Release;
		};
		E5DC24B71C64D16B007105A7 /* Debug */ = {
			isa = XCBuildConfiguration;
			buildSettings = {
				ASSETCATALOG_COMPILER_APPICON_NAME = AppIcon;
				FRAMEWORK_SEARCH_PATHS = (
					"$(inherited)",
					"$(PROJECT_DIR)/Carthage/Build/iOS",
				);
				INFOPLIST_FILE = LytPlayer/Info.plist;
				LD_RUNPATH_SEARCH_PATHS = "$(inherited) @executable_path/Frameworks";
				PRODUCT_BUNDLE_IDENTIFIER = nota.dk.LytPlayer;
				PRODUCT_NAME = "$(TARGET_NAME)";
			};
			name = Debug;
		};
		E5DC24B81C64D16B007105A7 /* Release */ = {
			isa = XCBuildConfiguration;
			buildSettings = {
				ASSETCATALOG_COMPILER_APPICON_NAME = AppIcon;
				FRAMEWORK_SEARCH_PATHS = (
					"$(inherited)",
					"$(PROJECT_DIR)/Carthage/Build/iOS",
				);
				INFOPLIST_FILE = LytPlayer/Info.plist;
				LD_RUNPATH_SEARCH_PATHS = "$(inherited) @executable_path/Frameworks";
				PRODUCT_BUNDLE_IDENTIFIER = nota.dk.LytPlayer;
				PRODUCT_NAME = "$(TARGET_NAME)";
			};
			name = Release;
		};
		E5DC24BA1C64D16B007105A7 /* Debug */ = {
			isa = XCBuildConfiguration;
			buildSettings = {
				BUNDLE_LOADER = "$(TEST_HOST)";
				INFOPLIST_FILE = LytPlayerTests/Info.plist;
				LD_RUNPATH_SEARCH_PATHS = "$(inherited) @executable_path/Frameworks @loader_path/Frameworks";
				PRODUCT_BUNDLE_IDENTIFIER = nota.dk.LytPlayerTests;
				PRODUCT_NAME = "$(TARGET_NAME)";
				TEST_HOST = "$(BUILT_PRODUCTS_DIR)/LytPlayer.app/LytPlayer";
			};
			name = Debug;
		};
		E5DC24BB1C64D16B007105A7 /* Release */ = {
			isa = XCBuildConfiguration;
			buildSettings = {
				BUNDLE_LOADER = "$(TEST_HOST)";
				INFOPLIST_FILE = LytPlayerTests/Info.plist;
				LD_RUNPATH_SEARCH_PATHS = "$(inherited) @executable_path/Frameworks @loader_path/Frameworks";
				PRODUCT_BUNDLE_IDENTIFIER = nota.dk.LytPlayerTests;
				PRODUCT_NAME = "$(TARGET_NAME)";
				TEST_HOST = "$(BUILT_PRODUCTS_DIR)/LytPlayer.app/LytPlayer";
			};
			name = Release;
		};
		E5DC24BD1C64D16B007105A7 /* Debug */ = {
			isa = XCBuildConfiguration;
			buildSettings = {
				INFOPLIST_FILE = LytPlayerUITests/Info.plist;
				LD_RUNPATH_SEARCH_PATHS = "$(inherited) @executable_path/Frameworks @loader_path/Frameworks";
				PRODUCT_BUNDLE_IDENTIFIER = nota.dk.LytPlayerUITests;
				PRODUCT_NAME = "$(TARGET_NAME)";
				TEST_TARGET_NAME = LytPlayer;
				USES_XCTRUNNER = YES;
			};
			name = Debug;
		};
		E5DC24BE1C64D16B007105A7 /* Release */ = {
			isa = XCBuildConfiguration;
			buildSettings = {
				INFOPLIST_FILE = LytPlayerUITests/Info.plist;
				LD_RUNPATH_SEARCH_PATHS = "$(inherited) @executable_path/Frameworks @loader_path/Frameworks";
				PRODUCT_BUNDLE_IDENTIFIER = nota.dk.LytPlayerUITests;
				PRODUCT_NAME = "$(TARGET_NAME)";
				TEST_TARGET_NAME = LytPlayer;
				USES_XCTRUNNER = YES;
			};
			name = Release;
		};
/* End XCBuildConfiguration section */

/* Begin XCConfigurationList section */
		E5DC24871C64D16B007105A7 /* Build configuration list for PBXProject "LytPlayer" */ = {
			isa = XCConfigurationList;
			buildConfigurations = (
				E5DC24B41C64D16B007105A7 /* Debug */,
				E5DC24B51C64D16B007105A7 /* Release */,
			);
			defaultConfigurationIsVisible = 0;
			defaultConfigurationName = Release;
		};
		E5DC24B61C64D16B007105A7 /* Build configuration list for PBXNativeTarget "LytPlayer" */ = {
			isa = XCConfigurationList;
			buildConfigurations = (
				E5DC24B71C64D16B007105A7 /* Debug */,
				E5DC24B81C64D16B007105A7 /* Release */,
			);
			defaultConfigurationIsVisible = 0;
			defaultConfigurationName = Release;
		};
		E5DC24B91C64D16B007105A7 /* Build configuration list for PBXNativeTarget "LytPlayerTests" */ = {
			isa = XCConfigurationList;
			buildConfigurations = (
				E5DC24BA1C64D16B007105A7 /* Debug */,
				E5DC24BB1C64D16B007105A7 /* Release */,
			);
			defaultConfigurationIsVisible = 0;
			defaultConfigurationName = Release;
		};
		E5DC24BC1C64D16B007105A7 /* Build configuration list for PBXNativeTarget "LytPlayerUITests" */ = {
			isa = XCConfigurationList;
			buildConfigurations = (
				E5DC24BD1C64D16B007105A7 /* Debug */,
				E5DC24BE1C64D16B007105A7 /* Release */,
			);
			defaultConfigurationIsVisible = 0;
			defaultConfigurationName = Release;
		};
/* End XCConfigurationList section */
	};
	rootObject = E5DC24841C64D16B007105A7 /* Project object */;
}
